<?xml version="1.0" encoding="utf-8"?>
<Project ToolsVersion="4.0" xmlns="http://schemas.microsoft.com/developer/msbuild/2003">
  <ItemGroup>
    <ClCompile Include="Actor.cpp" />
    <ClCompile Include="ActorManager.cpp" />
    <ClCompile Include="Base.cpp" />
    <ClCompile Include="BoundingRectangle.cpp" />
    <ClCompile Include="EnemyGenerator.cpp" />
    <ClCompile Include="EnemyBeam.cpp" />
    <ClCompile Include="Item.cpp" />
    <ClCompile Include="Enemy1.cpp" />
    <ClCompile Include="Enemy2.cpp" />
    <ClCompile Include="Enemy3.cpp" />
    <ClCompile Include="Enemy4.cpp" />
    <ClCompile Include="main.cpp" />
    <ClCompile Include="Player.cpp" />
    <ClCompile Include="PlayerBeam.cpp" />
    <ClCompile Include="PlayerBeam1.cpp" />
    <ClCompile Include="World.cpp" />
    <ClCompile Include="SceneManager.cpp" />
    <ClCompile Include="TitleScene.cpp" />
    <ClCompile Include="GamePlayScene.cpp" />
  </ItemGroup>
  <ItemGroup>
    <ClInclude Include="Actor.h" />
    <ClInclude Include="ActorManager.h" />
    <ClInclude Include="Base.h" />
    <ClInclude Include="BoundingRectangle.h" />
    <ClInclude Include="Enemy.h" />
    <ClInclude Include="EnemyGenerator.h" />
    <ClInclude Include="EnemyBeam.h" />
    <ClInclude Include="Item.h" />
    <ClInclude Include="Enemy1.h" />
    <ClInclude Include="Enemy2.h" />
    <ClInclude Include="Enemy3.h" />
    <ClInclude Include="Enemy4.h" />
    <ClInclude Include="IWorld.h" />
    <ClInclude Include="Player.h" />
    <ClInclude Include="PlayerBeam.h" />
    <ClInclude Include="PlayerBeam1.h" />
    <ClInclude Include="TextureId.h" />
    <ClInclude Include="World.h" />
    <ClInclude Include="ISeen.h" />
    <ClInclude Include="SceneNull.h" />
    <ClInclude Include="SceneManager.h" />
    <ClInclude Include="TitleScene.h" />
    <ClInclude Include="GamePlayScene.h" />
  </ItemGroup>
</Project>