<?xml version="1.0" encoding="utf-8"?>
<Project ToolsVersion="4.0" xmlns="http://schemas.microsoft.com/developer/msbuild/2003">
  <ItemGroup>
    <ClCompile Include="Actor.cpp" />
    <ClCompile Include="ActorManager.cpp" />
    <ClCompile Include="Asteroid.cpp" />
    <ClCompile Include="Base.cpp" />
    <ClCompile Include="Bomboss.cpp" />
    <ClCompile Include="BomExplosion.cpp" />
    <ClCompile Include="BoundingLine.cpp" />
    <ClCompile Include="BoundingSphere.cpp" />
    <ClCompile Include="Camera.cpp" />
    <ClCompile Include="CSVReader.cpp" />
    <ClCompile Include="DamageAssets.cpp" />
    <ClCompile Include="Enemy.cpp" />
    <ClCompile Include="EnemyBullet.cpp" />
    <ClCompile Include="EnemyGenerator.cpp" />
    <ClCompile Include="Felid.cpp" />
    <ClCompile Include="GameOverScene.cpp" />
    <ClCompile Include="GamePlayScene.cpp" />
    <ClCompile Include="Item.cpp" />
    <ClCompile Include="Light.cpp" />
    <ClCompile Include="main.cpp" />
    <ClCompile Include="NumberTexture.cpp" />
    <ClCompile Include="Player.cpp" />
    <ClCompile Include="PlayerBullet.cpp" />
    <ClCompile Include="SceneManager.cpp" />
    <ClCompile Include="Score.cpp" />
    <ClCompile Include="TitleScene.cpp" />
    <ClCompile Include="World.cpp" />
    <ClCompile Include="GameClearScene.cpp" />
  </ItemGroup>
  <ItemGroup>
    <ClInclude Include="Actor.h" />
    <ClInclude Include="ActorManager.h" />
    <ClInclude Include="Assets.h" />
    <ClInclude Include="Asteroid.h" />
    <ClInclude Include="Base.h" />
    <ClInclude Include="Bomboss.h" />
    <ClInclude Include="BomExplosion.h" />
    <ClInclude Include="BoundingLine.h" />
    <ClInclude Include="BoundingSphere.h" />
    <ClInclude Include="Camera.h" />
    <ClInclude Include="CSVReader.h" />
    <ClInclude Include="DamageAssets.h" />
    <ClInclude Include="Enemy.h" />
    <ClInclude Include="EnemyBullet.h" />
    <ClInclude Include="EnemyGenerator.h" />
    <ClInclude Include="Field.h" />
    <ClInclude Include="GameOverScene.h" />
    <ClInclude Include="GamePlayScene.h" />
    <ClInclude Include="IScene.h" />
    <ClInclude Include="Item.h" />
    <ClInclude Include="IWorld.h" />
    <ClInclude Include="Light.h" />
    <ClInclude Include="NumberTexture.h" />
    <ClInclude Include="Player.h" />
    <ClInclude Include="PlayerBullet.h" />
    <ClInclude Include="SceneManager.h" />
    <ClInclude Include="SceneNull.h" />
    <ClInclude Include="Score.h" />
    <ClInclude Include="TiltleScene.h" />
    <ClInclude Include="TitleScene.h" />
    <ClInclude Include="World.h" />
    <ClInclude Include="GameClearScene.h" />
  </ItemGroup>
</Project>